
Microsoft Visual Studio Solution File, Format Version 12.00
# Visual Studio 15
Project("{FAE04EC0-301F-11D3-BF4B-00C04F79EFBC}") = "Assembly-CSharp", "Assembly-CSharp.csproj", "{FE73BBE1-CD52-38B2-21E7-6ACCADC7D9F1}"
EndProject
Project("{FAE04EC0-301F-11D3-BF4B-00C04F79EFBC}") = "Assembly-CSharp", "Assembly-CSharp.Player.csproj", "{6CED5D06-AD80-9C0E-84B5-9488DBF42600}"
EndProject
Global
	GlobalSection(SolutionConfigurationPlatforms) = preSolution
		Debug|Any CPU = Debug|Any CPU
		Release|Any CPU = Release|Any CPU
	EndGlobalSection
	GlobalSection(ProjectConfigurationPlatforms) = postSolution
		{FE73BBE1-CD52-38B2-21E7-6ACCADC7D9F1}.Debug|Any CPU.ActiveCfg = Debug|Any CPU
		{FE73BBE1-CD52-38B2-21E7-6ACCADC7D9F1}.Debug|Any CPU.Build.0 = Debug|Any CPU
		{FE73BBE1-CD52-38B2-21E7-6ACCADC7D9F1}.Release|Any CPU.ActiveCfg = Release|Any CPU
		{FE73BBE1-CD52-38B2-21E7-6ACCADC7D9F1}.Release|Any CPU.Build.0 = Release|Any CPU
		{6CED5D06-AD80-9C0E-84B5-9488DBF42600}.Debug|Any CPU.ActiveCfg = Debug|Any CPU
		{6CED5D06-AD80-9C0E-84B5-9488DBF42600}.Debug|Any CPU.Build.0 = Debug|Any CPU
		{6CED5D06-AD80-9C0E-84B5-9488DBF42600}.Release|Any CPU.ActiveCfg = Release|Any CPU
		{6CED5D06-AD80-9C0E-84B5-9488DBF42600}.Release|Any CPU.Build.0 = Release|Any CPU
	EndGlobalSection
	GlobalSection(SolutionProperties) = preSolution
		HideSolutionNode = FALSE
	EndGlobalSection
EndGlobal
